
Microsoft Visual Studio Solution File, Format Version 12.00
# Visual Studio Version 17
VisualStudioVersion = 17.11.35222.181
MinimumVisualStudioVersion = 10.0.40219.1
Project("{FAE04EC0-301F-11D3-BF4B-00C04F79EFBC}") = "sistemka.laba1.", "..\sistemka.laba1\sistemka.laba1\sistemka.laba1..csproj", "{1D928A14-1BC6-4CDD-88B5-322211FE2C7C}"
EndProject
Global
	GlobalSection(SolutionConfigurationPlatforms) = preSolution
		Debug|Any CPU = Debug|Any CPU
		Release|Any CPU = Release|Any CPU
	EndGlobalSection
	GlobalSection(ProjectConfigurationPlatforms) = postSolution
		{1D928A14-1BC6-4CDD-88B5-322211FE2C7C}.Debug|Any CPU.ActiveCfg = Debug|Any CPU
		{1D928A14-1BC6-4CDD-88B5-322211FE2C7C}.Debug|Any CPU.Build.0 = Debug|Any CPU
		{1D928A14-1BC6-4CDD-88B5-322211FE2C7C}.Release|Any CPU.ActiveCfg = Release|Any CPU
		{1D928A14-1BC6-4CDD-88B5-322211FE2C7C}.Release|Any CPU.Build.0 = Release|Any CPU
	EndGlobalSection
	GlobalSection(SolutionProperties) = preSolution
		HideSolutionNode = FALSE
	EndGlobalSection
	GlobalSection(ExtensibilityGlobals) = postSolution
		SolutionGuid = {E437B84F-25ED-4D6D-B040-75DF8BF0841C}
	EndGlobalSection
EndGlobal
